
Microsoft Visual Studio Solution File, Format Version 12.00
# Visual Studio Version 16
VisualStudioVersion = 16.0.31515.178
MinimumVisualStudioVersion = 10.0.40219.1
Project("{FAE04EC0-301F-11D3-BF4B-00C04F79EFBC}") = "BaarDanaTraderPOS", "BaarDanaTraderPOS\BaarDanaTraderPOS.csproj", "{345AC357-856C-46C9-BDE3-CEB806BE318B}"
EndProject
Global
	GlobalSection(SolutionConfigurationPlatforms) = preSolution
		Debug|Any CPU = Debug|Any CPU
		Release|Any CPU = Release|Any CPU
	EndGlobalSection
	GlobalSection(ProjectConfigurationPlatforms) = postSolution
		{345AC357-856C-46C9-BDE3-CEB806BE318B}.Debug|Any CPU.ActiveCfg = Debug|Any CPU
		{345AC357-856C-46C9-BDE3-CEB806BE318B}.Debug|Any CPU.Build.0 = Debug|Any CPU
		{345AC357-856C-46C9-BDE3-CEB806BE318B}.Release|Any CPU.ActiveCfg = Release|Any CPU
		{345AC357-856C-46C9-BDE3-CEB806BE318B}.Release|Any CPU.Build.0 = Release|Any CPU
	EndGlobalSection
	GlobalSection(SolutionProperties) = preSolution
		HideSolutionNode = FALSE
	EndGlobalSection
	GlobalSection(ExtensibilityGlobals) = postSolution
		SolutionGuid = {CCDA9ED2-6874-40C2-A35D-8F3B70F980D9}
	EndGlobalSection
EndGlobal
